
Microsoft Visual Studio Solution File, Format Version 12.00
# Visual Studio Version 17
VisualStudioVersion = 17.3.32825.248
MinimumVisualStudioVersion = 10.0.40219.1
Project("{888888A0-9F3D-457C-B088-3A5042F75D52}") = "OS Data", "OS Data\OS Data.pyproj", "{09B05B5F-42B9-43A1-9DD7-7469E3F55469}"
EndProject
Global
	GlobalSection(SolutionConfigurationPlatforms) = preSolution
		Debug|Any CPU = Debug|Any CPU
		Release|Any CPU = Release|Any CPU
	EndGlobalSection
	GlobalSection(ProjectConfigurationPlatforms) = postSolution
		{09B05B5F-42B9-43A1-9DD7-7469E3F55469}.Debug|Any CPU.ActiveCfg = Debug|Any CPU
		{09B05B5F-42B9-43A1-9DD7-7469E3F55469}.Release|Any CPU.ActiveCfg = Release|Any CPU
	EndGlobalSection
	GlobalSection(SolutionProperties) = preSolution
		HideSolutionNode = FALSE
	EndGlobalSection
	GlobalSection(ExtensibilityGlobals) = postSolution
		SolutionGuid = {1D8B3638-5EB0-4DAC-987D-A4FD0268E5C8}
	EndGlobalSection
EndGlobal
